NeoBundleLock AnsiEsc.vim d2bb7878622e4c16203acf1c92a0f4bc7ac58003
NeoBundleLock neobundle.vim 484c7730cace41d46616e840ba6247886a87c9aa
NeoBundleLock neocomplete-rsense.vim a8b7460a41eb96aa1c9e49b231dd95e216c8dc2d
NeoBundleLock neocomplete.vim 5aecd20ba03203955b75057fbd6a40ae1899b692
NeoBundleLock neosnippet-snippets d66cc78d8099e92aacf9d27d7b769abf7e9d6f7a
NeoBundleLock neosnippet.vim d7145056c4b3b8177159a085cffbe54c18a7d248
NeoBundleLock nerdtree 3b98a7fcae8f9fff356907171f0406ff8cd28921
NeoBundleLock rsense 2952a54972cf927d5419085d1867b65ff7ab0d41
NeoBundleLock ruby-matchit c4d8079287fc8d804d2a92bcb66964d673666540
NeoBundleLock syntastic a17db15e7df7e77db18766a83a5fe3ea42b36793
NeoBundleLock tcomment_vim 4bc4d53fa847c62a3f2780b0fdf87763d04ff91f
NeoBundleLock unite-rails e173c8ec28c18744a0b778ef78b600ce8759914f
NeoBundleLock unite.vim e0f3695a167c5b547cd7fb3de052be7f95a65ef0
NeoBundleLock vim-autoclose a9a3b7384657bc1f60a963fd6c08c63fc48d61c3
NeoBundleLock vim-endwise bba43b831ae0485cf9b86d16340a6a314b927391
NeoBundleLock vim-fugitive 4cc201cbe3a0c3faa4cde1b82ba941d410e5e81c
NeoBundleLock vim-hybrid 7d530218dbcc5b5a9d473bcd2dbd2a85e7be99fd
NeoBundleLock vim-indent-guides 184e55848de2304cabc5c03d2afe9b8fd098c58c
NeoBundleLock vim-rails 981f8d790cbecd5bbbb907aa30a94f63b6aee041
NeoBundleLock vim-ref 63cef8fe51e597f0b0475b654961cef01feabd93
NeoBundleLock vim-ref-ri e3a2dbb71af73bf15c9c2134cc3630edc60331eb
NeoBundleLock vim-submode 8186099d2acc3a9a4cf09878c57308a30008c536
NeoBundleLock vim-surround 5781d1136d88ad3d7d9dc550e78cebf8cc75d90a
NeoBundleLock vimproc 0f68bcd93399ecbcde3eaa4efd09107314c9bdee
NeoBundleLock vimshell 41d3ad325852e80588ab57c64433fa338789d6ac
