NeoBundleLock AnsiEsc.vim f4bb44b4779828e05b712b27dd2867ffb955a635
NeoBundleLock neobundle.vim 484c7730cace41d46616e840ba6247886a87c9aa
NeoBundleLock neocomplete-rsense.vim f4bb44b4779828e05b712b27dd2867ffb955a635
NeoBundleLock neocomplete.vim f4bb44b4779828e05b712b27dd2867ffb955a635
NeoBundleLock neosnippet-snippets f4bb44b4779828e05b712b27dd2867ffb955a635
NeoBundleLock neosnippet.vim f4bb44b4779828e05b712b27dd2867ffb955a635
NeoBundleLock nerdtree af85499edace2acca27ce41790ac333f62b689bb
NeoBundleLock rsense f4bb44b4779828e05b712b27dd2867ffb955a635
NeoBundleLock ruby-matchit f4bb44b4779828e05b712b27dd2867ffb955a635
NeoBundleLock syntastic f4bb44b4779828e05b712b27dd2867ffb955a635
NeoBundleLock tcomment_vim f4bb44b4779828e05b712b27dd2867ffb955a635
NeoBundleLock unite-rails f4bb44b4779828e05b712b27dd2867ffb955a635
NeoBundleLock unite.vim f4bb44b4779828e05b712b27dd2867ffb955a635
NeoBundleLock vim-autoclose f4bb44b4779828e05b712b27dd2867ffb955a635
NeoBundleLock vim-endwise f4bb44b4779828e05b712b27dd2867ffb955a635
NeoBundleLock vim-fugitive f4bb44b4779828e05b712b27dd2867ffb955a635
NeoBundleLock vim-hybrid f4bb44b4779828e05b712b27dd2867ffb955a635
NeoBundleLock vim-indent-guides f4bb44b4779828e05b712b27dd2867ffb955a635
NeoBundleLock vim-rails f4bb44b4779828e05b712b27dd2867ffb955a635
NeoBundleLock vim-ref f4bb44b4779828e05b712b27dd2867ffb955a635
NeoBundleLock vim-ref-ri f4bb44b4779828e05b712b27dd2867ffb955a635
NeoBundleLock vim-submode 8186099d2acc3a9a4cf09878c57308a30008c536
NeoBundleLock vim-surround f4bb44b4779828e05b712b27dd2867ffb955a635
NeoBundleLock vimproc 0f68bcd93399ecbcde3eaa4efd09107314c9bdee
NeoBundleLock vimshell f4bb44b4779828e05b712b27dd2867ffb955a635
