NeoBundleLock AnsiEsc.vim 14f0f8a950925b28c26df208a5e6b25ce68b7d87
NeoBundleLock neobundle.vim 484c7730cace41d46616e840ba6247886a87c9aa
NeoBundleLock neocomplete-rsense.vim 14f0f8a950925b28c26df208a5e6b25ce68b7d87
NeoBundleLock neocomplete.vim 14f0f8a950925b28c26df208a5e6b25ce68b7d87
NeoBundleLock neosnippet-snippets 14f0f8a950925b28c26df208a5e6b25ce68b7d87
NeoBundleLock neosnippet.vim 14f0f8a950925b28c26df208a5e6b25ce68b7d87
NeoBundleLock nerdtree af85499edace2acca27ce41790ac333f62b689bb
NeoBundleLock rsense 14f0f8a950925b28c26df208a5e6b25ce68b7d87
NeoBundleLock ruby-matchit 14f0f8a950925b28c26df208a5e6b25ce68b7d87
NeoBundleLock syntastic 14f0f8a950925b28c26df208a5e6b25ce68b7d87
NeoBundleLock tcomment_vim 14f0f8a950925b28c26df208a5e6b25ce68b7d87
NeoBundleLock unite-rails 14f0f8a950925b28c26df208a5e6b25ce68b7d87
NeoBundleLock unite.vim 14f0f8a950925b28c26df208a5e6b25ce68b7d87
NeoBundleLock vim-autoclose 14f0f8a950925b28c26df208a5e6b25ce68b7d87
NeoBundleLock vim-endwise 14f0f8a950925b28c26df208a5e6b25ce68b7d87
NeoBundleLock vim-fugitive 14f0f8a950925b28c26df208a5e6b25ce68b7d87
NeoBundleLock vim-hybrid 14f0f8a950925b28c26df208a5e6b25ce68b7d87
NeoBundleLock vim-indent-guides 14f0f8a950925b28c26df208a5e6b25ce68b7d87
NeoBundleLock vim-rails 14f0f8a950925b28c26df208a5e6b25ce68b7d87
NeoBundleLock vim-ref 14f0f8a950925b28c26df208a5e6b25ce68b7d87
NeoBundleLock vim-ref-ri 14f0f8a950925b28c26df208a5e6b25ce68b7d87
NeoBundleLock vim-submode 8186099d2acc3a9a4cf09878c57308a30008c536
NeoBundleLock vim-surround 14f0f8a950925b28c26df208a5e6b25ce68b7d87
NeoBundleLock vimproc 0f68bcd93399ecbcde3eaa4efd09107314c9bdee
NeoBundleLock vimshell.vim 4939e10609c434becf6423b2f3876bb9c2be3464
