NeoBundleLock AnsiEsc.vim d2bb7878622e4c16203acf1c92a0f4bc7ac58003
NeoBundleLock Dockerfile.vim 12b899fc773ff6ec330b082d1b559b5f481a03c8
NeoBundleLock emmet-vim 1c240c6d6d1fb2ed67b3f42146d498541bcf3bd1
NeoBundleLock indentLine 300c719b3e0348a65457109386ded3f32f7cd319
NeoBundleLock neobundle.vim b17652e171cc439a6d7554b96daea76c502da3c9
NeoBundleLock neocomplete-rsense.vim a8b7460a41eb96aa1c9e49b231dd95e216c8dc2d
NeoBundleLock neocomplete.vim 39661033cce39ebd013451b49809e94ade3ba08c
NeoBundleLock neosnippet-snippets f72814aee4f8530b0f22ca9fa814e1e6473ba543
NeoBundleLock neosnippet.vim 5c9655eb751ec550aaa5c408e5b5fedac3df27eb
NeoBundleLock nerdtree bcf3de4fdffae45fc7c85b6b84a01b37177924aa
NeoBundleLock rsense 2952a54972cf927d5419085d1867b65ff7ab0d41
NeoBundleLock ruby-matchit c4d8079287fc8d804d2a92bcb66964d673666540
NeoBundleLock sudo.vim 060f0250d6f399d1cf9b15eaad3d55b3fbad4b0d
NeoBundleLock syntastic 47c70b3e1e388d8f9cc7c6d9687efc047df843ac
NeoBundleLock tcomment_vim d39c7dbc83c07f36cf7a3287a30a51b3dfc4a0f4
NeoBundleLock unite-rails 1509884b919f0669e07cd73eb86118dd916c3af7
NeoBundleLock unite.vim f3b64f03f116c3f472768d181c331d6614489298
NeoBundleLock vim-autoclose a9a3b7384657bc1f60a963fd6c08c63fc48d61c3
NeoBundleLock vim-endwise f06abe3d6eca6f6ebfc31ea3163a51575f450df6
NeoBundleLock vim-fugitive b319b694539017dcd789dc2c42f784a30d7b28b8
NeoBundleLock vim-hybrid 75184dacef65991590514afca2943ad375d10dd3
NeoBundleLock vim-rails f9bf7bb625e9405b21705e646e15123daa78671a
NeoBundleLock vim-ref 007b0ac409100cf2b83eb7dace5c8235e3737fef
NeoBundleLock vim-ref-ri e3a2dbb71af73bf15c9c2134cc3630edc60331eb
NeoBundleLock vim-slim 0daaa8581f9a9968cebbc7d14ae9acf1625c0389
NeoBundleLock vim-submode 8186099d2acc3a9a4cf09878c57308a30008c536
NeoBundleLock vim-surround 2d05440ad23f97a7874ebd9b5de3a0e65d25d85c
NeoBundleLock vimproc 150d5fd04fed462831b99539dfe9920a00a7cea6
NeoBundleLock vimshell.vim d95caeeef40529d5e9d9562c940ab66f9e7c5796
